
Microsoft Visual Studio Solution File, Format Version 12.00
# Visual Studio Version 17
VisualStudioVersion = 17.6.33815.320
MinimumVisualStudioVersion = 10.0.40219.1
Project("{FAE04EC0-301F-11D3-BF4B-00C04F79EFBC}") = "WindowsFormsAppCards", "WindowsFormsAppCards\WindowsFormsAppCards.csproj", "{5576AF5E-A606-4785-970A-2A0F4FD8CF98}"
EndProject
Global
	GlobalSection(SolutionConfigurationPlatforms) = preSolution
		Debug|Any CPU = Debug|Any CPU
		Release|Any CPU = Release|Any CPU
	EndGlobalSection
	GlobalSection(ProjectConfigurationPlatforms) = postSolution
		{5576AF5E-A606-4785-970A-2A0F4FD8CF98}.Debug|Any CPU.ActiveCfg = Debug|Any CPU
		{5576AF5E-A606-4785-970A-2A0F4FD8CF98}.Debug|Any CPU.Build.0 = Debug|Any CPU
		{5576AF5E-A606-4785-970A-2A0F4FD8CF98}.Release|Any CPU.ActiveCfg = Release|Any CPU
		{5576AF5E-A606-4785-970A-2A0F4FD8CF98}.Release|Any CPU.Build.0 = Release|Any CPU
	EndGlobalSection
	GlobalSection(SolutionProperties) = preSolution
		HideSolutionNode = FALSE
	EndGlobalSection
	GlobalSection(ExtensibilityGlobals) = postSolution
		SolutionGuid = {CD5A708D-DEEA-4D93-A9FF-7B164CD592F9}
	EndGlobalSection
EndGlobal
